
Microsoft Visual Studio Solution File, Format Version 12.00
# Visual Studio Version 17
VisualStudioVersion = 17.9.34622.214
MinimumVisualStudioVersion = 10.0.40219.1
Project("{FAE04EC0-301F-11D3-BF4B-00C04F79EFBC}") = "MVCPro", "MVCPro\MVCPro.csproj", "{F99A39C4-12B3-49AA-9751-D183CEC0553E}"
EndProject
Global
	GlobalSection(SolutionConfigurationPlatforms) = preSolution
		Debug|Any CPU = Debug|Any CPU
		Release|Any CPU = Release|Any CPU
	EndGlobalSection
	GlobalSection(ProjectConfigurationPlatforms) = postSolution
		{F99A39C4-12B3-49AA-9751-D183CEC0553E}.Debug|Any CPU.ActiveCfg = Debug|Any CPU
		{F99A39C4-12B3-49AA-9751-D183CEC0553E}.Debug|Any CPU.Build.0 = Debug|Any CPU
		{F99A39C4-12B3-49AA-9751-D183CEC0553E}.Release|Any CPU.ActiveCfg = Release|Any CPU
		{F99A39C4-12B3-49AA-9751-D183CEC0553E}.Release|Any CPU.Build.0 = Release|Any CPU
	EndGlobalSection
	GlobalSection(SolutionProperties) = preSolution
		HideSolutionNode = FALSE
	EndGlobalSection
	GlobalSection(ExtensibilityGlobals) = postSolution
		SolutionGuid = {BBCFE4AF-1431-4967-A416-7CCAB76C35A3}
	EndGlobalSection
EndGlobal
